
Microsoft Visual Studio Solution File, Format Version 12.00
# Visual Studio Version 17
VisualStudioVersion = 17.3.32819.101
MinimumVisualStudioVersion = 10.0.40219.1
Project("{FAE04EC0-301F-11D3-BF4B-00C04F79EFBC}") = "EmployeeWage_UC2", "EmployeeWage_UC2\EmployeeWage_UC2.csproj", "{1C7796A4-79D8-46A9-B4D7-D7A331E30E6B}"
EndProject
Global
	GlobalSection(SolutionConfigurationPlatforms) = preSolution
		Debug|Any CPU = Debug|Any CPU
		Release|Any CPU = Release|Any CPU
	EndGlobalSection
	GlobalSection(ProjectConfigurationPlatforms) = postSolution
		{1C7796A4-79D8-46A9-B4D7-D7A331E30E6B}.Debug|Any CPU.ActiveCfg = Debug|Any CPU
		{1C7796A4-79D8-46A9-B4D7-D7A331E30E6B}.Debug|Any CPU.Build.0 = Debug|Any CPU
		{1C7796A4-79D8-46A9-B4D7-D7A331E30E6B}.Release|Any CPU.ActiveCfg = Release|Any CPU
		{1C7796A4-79D8-46A9-B4D7-D7A331E30E6B}.Release|Any CPU.Build.0 = Release|Any CPU
	EndGlobalSection
	GlobalSection(SolutionProperties) = preSolution
		HideSolutionNode = FALSE
	EndGlobalSection
	GlobalSection(ExtensibilityGlobals) = postSolution
		SolutionGuid = {8324F0C2-322A-4D84-B932-E110A8419CDE}
	EndGlobalSection
EndGlobal
